
Microsoft Visual Studio Solution File, Format Version 12.00
# Visual Studio Version 17
VisualStudioVersion = 17.6.33815.320
MinimumVisualStudioVersion = 10.0.40219.1
Project("{FAE04EC0-301F-11D3-BF4B-00C04F79EFBC}") = "MusicEvents", "MusicEvents\MusicEvents.csproj", "{12CDE552-0DBD-48C7-A029-DFFAE607EEDF}"
EndProject
Global
	GlobalSection(SolutionConfigurationPlatforms) = preSolution
		Debug|Any CPU = Debug|Any CPU
		Release|Any CPU = Release|Any CPU
	EndGlobalSection
	GlobalSection(ProjectConfigurationPlatforms) = postSolution
		{12CDE552-0DBD-48C7-A029-DFFAE607EEDF}.Debug|Any CPU.ActiveCfg = Debug|Any CPU
		{12CDE552-0DBD-48C7-A029-DFFAE607EEDF}.Debug|Any CPU.Build.0 = Debug|Any CPU
		{12CDE552-0DBD-48C7-A029-DFFAE607EEDF}.Release|Any CPU.ActiveCfg = Release|Any CPU
		{12CDE552-0DBD-48C7-A029-DFFAE607EEDF}.Release|Any CPU.Build.0 = Release|Any CPU
	EndGlobalSection
	GlobalSection(SolutionProperties) = preSolution
		HideSolutionNode = FALSE
	EndGlobalSection
	GlobalSection(ExtensibilityGlobals) = postSolution
		SolutionGuid = {A3CBD5CC-B4BB-43ED-A9B6-FE99E1E9C9DA}
	EndGlobalSection
EndGlobal
